
Microsoft Visual Studio Solution File, Format Version 12.00
# Visual Studio Version 17
VisualStudioVersion = 17.7.34202.233
MinimumVisualStudioVersion = 10.0.40219.1
Project("{FAE04EC0-301F-11D3-BF4B-00C04F79EFBC}") = "ConsoleMenuProgramm", "ConsoleMenuProgramm\ConsoleMenuProgramm.csproj", "{C6CB6509-A9FE-4DC1-9E86-15CD3AFE53AD}"
EndProject
Global
	GlobalSection(SolutionConfigurationPlatforms) = preSolution
		Debug|Any CPU = Debug|Any CPU
		Release|Any CPU = Release|Any CPU
	EndGlobalSection
	GlobalSection(ProjectConfigurationPlatforms) = postSolution
		{C6CB6509-A9FE-4DC1-9E86-15CD3AFE53AD}.Debug|Any CPU.ActiveCfg = Debug|Any CPU
		{C6CB6509-A9FE-4DC1-9E86-15CD3AFE53AD}.Debug|Any CPU.Build.0 = Debug|Any CPU
		{C6CB6509-A9FE-4DC1-9E86-15CD3AFE53AD}.Release|Any CPU.ActiveCfg = Release|Any CPU
		{C6CB6509-A9FE-4DC1-9E86-15CD3AFE53AD}.Release|Any CPU.Build.0 = Release|Any CPU
	EndGlobalSection
	GlobalSection(SolutionProperties) = preSolution
		HideSolutionNode = FALSE
	EndGlobalSection
	GlobalSection(ExtensibilityGlobals) = postSolution
		SolutionGuid = {E5EDA4C1-FF25-4122-AEE7-76E1025C1152}
	EndGlobalSection
EndGlobal
